{
  "name": "serverless-express",
  "version": "2.0.11",
  "lockfileVersion": 1,
  "requires": true,
  "dependencies": {
    "aws-event-mocks": {
      "version": "github:serverless/aws-event-mocks#08007130822604afde50b7fc4d694ab93487899a",
      "from": "aws-event-mocks@github:serverless/aws-event-mocks#08007130822604afde50b7fc4d694ab93487899a",
      "dev": true
    },
    "aws-lambda-mock-context": {
      "version": "3.1.1",
      "resolved": "https://registry.npmjs.org/aws-lambda-mock-context/-/aws-lambda-mock-context-3.1.1.tgz",
      "integrity": "sha1-KbLQC/nci8Rh90n4WFaR7iBVc9U=",
      "dev": true
    },
    "aws-serverless-express": {
      "version": "3.1.3",
      "resolved": "https://registry.npmjs.org/aws-serverless-express/-/aws-serverless-express-3.1.3.tgz",
      "integrity": "sha512-RdK5e3ZFYmanURG16Oy+Qr1cTV4wSUubqqwKWSDuO1s/6ZMpdwy1oWXa7SUwTBk59i3Ucb8AFdJeu1j2v4dTFg=="
    },
    "azure-aws-serverless-express": {
      "version": "0.1.5",
      "resolved": "https://registry.npmjs.org/azure-aws-serverless-express/-/azure-aws-serverless-express-0.1.5.tgz",
      "integrity": "sha512-P1BIVU1TbPKaeDfz/uXK8u4lFMItw5TXXg+CpSS/ofplc3XdpJtLTFmFylWthsHgswsXu5S/eH/+bSqrQDxb2w==",
      "dependencies": {
        "aws-serverless-express": {
          "version": "3.3.5",
          "resolved": "https://registry.npmjs.org/aws-serverless-express/-/aws-serverless-express-3.3.5.tgz",
          "integrity": "sha512-j/rVn0opGkksCQjUd0ji9HZKjcx2E+MbBM3p68ocYStG6B16Wl88Hqxd/d1TdwE5RRo8g0uhiFaLTfp8tA4eKg=="
        },
        "mime-db": {
          "version": "1.37.0",
          "resolved": "https://registry.npmjs.org/mime-db/-/mime-db-1.37.0.tgz",
          "integrity": "sha512-R3C4db6bgQhlIhPU48fUtdVmKnflq+hRdad7IyKhtFj06VPNVdk2RhiYL3UjQIlso8L+YxAtFkobT0VK+S/ybg=="
        },
        "mime-types": {
          "version": "2.1.21",
          "resolved": "https://registry.npmjs.org/mime-types/-/mime-types-2.1.21.tgz",
          "integrity": "sha512-3iL6DbwpyLzjR3xHSFNFeb9Nz/M8WDkX33t1GFQnFOllWk8pOrh/LSrB5OXlnlW5P9LH73X6loW/eogc+F5lJg=="
        },
        "type-is": {
          "version": "1.6.16",
          "resolved": "https://registry.npmjs.org/type-is/-/type-is-1.6.16.tgz",
          "integrity": "sha512-HRkVv/5qY2G6I8iab9cI7v1bOIdhm94dVjQCPFElW9W+3GeDOSHmy2EBYe4VTApuzolPcmgFTN3ftVJRKR2J9Q=="
        }
      }
    },
    "chai": {
      "version": "4.1.2",
      "resolved": "https://registry.npmjs.org/chai/-/chai-4.1.2.tgz",
      "integrity": "sha1-D2RYS6ZC8PKs4oBiefTwbKI61zw=",
      "dev": true
    },
    "coveralls": {
      "version": "3.0.0",
      "resolved": "https://registry.npmjs.org/coveralls/-/coveralls-3.0.0.tgz",
      "integrity": "sha512-ZppXR9y5PraUOrf/DzHJY6gzNUhXYE3b9D43xEXs4QYZ7/Oe0Gy0CS+IPKWFfvQFXB3RG9QduaQUFehzSpGAFw==",
      "dev": true,
      "dependencies": {
        "minimist": {
          "version": "1.2.0",
          "resolved": "https://registry.npmjs.org/minimist/-/minimist-1.2.0.tgz",
          "integrity": "sha1-o1AIsg9BOD7sH7kU9M1d95omQoQ="
        }
      }
    },
    "express": {
      "version": "4.16.2",
      "resolved": "https://registry.npmjs.org/express/-/express-4.16.2.tgz",
      "integrity": "sha1-41xt/i1kt9ygpc1PIXgb4ymeB2w="
    },
    "husky": {
      "version": "1.2.0",
      "resolved": "https://registry.npmjs.org/husky/-/husky-1.2.0.tgz",
      "integrity": "sha512-/ib3+iycykXC0tYIxsyqierikVa9DA2DrT32UEirqNEFVqOj1bFMTgP3jAz8HM7FgC/C8pc/BTUa9MV2GEkZaA==",
      "dev": true,
      "dependencies": {
        "ci-info": {
          "version": "1.6.0",
          "resolved": "https://registry.npmjs.org/ci-info/-/ci-info-1.6.0.tgz",
          "integrity": "sha512-vsGdkwSCDpWmP80ncATX7iea5DWQemg1UgCW5J8tqjU3lYw4FBYuj89J0CTVomA7BEfvSZd84GmHko+MxFQU2A=="
        },
        "cross-spawn": {
          "version": "6.0.5",
          "resolved": "https://registry.npmjs.org/cross-spawn/-/cross-spawn-6.0.5.tgz",
          "integrity": "sha512-eTVLrBSt7fjbDygz805pMnstIs2VTBNkRm0qxZd+M7A5XDdxVRWO5MxGBXZhjY4cqLYLdtrGqRf8mBPmzwSpWQ=="
        },
        "execa": {
          "version": "1.0.0",
          "resolved": "https://registry.npmjs.org/execa/-/execa-1.0.0.tgz",
          "integrity": "sha512-adbxcyWV46qiHyvSp50TKt05tB4tK3HcmF7/nxfAdhnox83seTDbwnaqKO4sXRy7roHAIFqJP/Rw/AuEbX61LA=="
        },
        "find-up": {
          "version": "3.0.0",
          "resolved": "https://registry.npmjs.org/find-up/-/find-up-3.0.0.tgz",
          "integrity": "sha512-1yD6RmLI1XBfxugvORwlck6f75tYL+iR0jqwsOrOxMZyGYqUuDhJ0l4AXdO1iX/FTs9cBAMEk1gWSEx1kSbylg=="
        },
        "get-stream": {
          "version": "4.1.0",
          "resolved": "https://registry.npmjs.org/get-stream/-/get-stream-4.1.0.tgz",
          "integrity": "sha512-GMat4EJ5161kIy2HevLlr4luNjBgvmj413KaQA7jt4V8B4RDsfpHk7WQ9GVqfYyyx8OS/L66Kox+rJRNklLK7w=="
        },
        "is-ci": {
          "version": "1.2.1",
          "resolved": "https://registry.npmjs.org/is-ci/-/is-ci-1.2.1.tgz",
          "integrity": "sha512-s6tfsaQaQi3JNciBH6shVqEDvhGut0SUXr31ag8Pd8BBbVVlcGfWhpPmEOoM6RJ5TFhbypvf5yyRw/VXW1IiWg=="
        },
        "locate-path": {
          "version": "3.0.0",
          "resolved": "https://registry.npmjs.org/locate-path/-/locate-path-3.0.0.tgz",
          "integrity": "sha512-7AO748wWnIhNqAuaty2ZWHkQHRSNfPVIsPIfwEOWO22AmaoVrWavlOcMR5nzTLNYvp36X220/maaRsrec1G65A=="
        },
        "p-limit": {
          "version": "2.0.0",
          "resolved": "https://registry.npmjs.org/p-limit/-/p-limit-2.0.0.tgz",
          "integrity": "sha512-fl5s52lI5ahKCernzzIyAP0QAZbGIovtVHGwpcu1Jr/EpzLVDI2myISHwGqK7m8uQFugVWSrbxH7XnhGtvEc+A=="
        },
        "p-locate": {
          "version": "3.0.0",
          "resolved": "https://registry.npmjs.org/p-locate/-/p-locate-3.0.0.tgz",
          "integrity": "sha512-x+12w/To+4GFfgJhBEpiDcLozRJGegY+Ei7/z0tSLkMmxGZNybVMSfWj9aJn8Z5Fc7dBUNJOOVgPv2H7IwulSQ=="
        },
        "p-try": {
          "version": "2.0.0",
          "resolved": "https://registry.npmjs.org/p-try/-/p-try-2.0.0.tgz",
          "integrity": "sha512-hMp0onDKIajHfIkdRk3P4CdCmErkYAxxDtP3Wx/4nZ3aGlau2VKh3mZpcuFkH27WQkL/3WBCPOktzA9ZOAnMQQ=="
        },
        "parse-json": {
          "version": "4.0.0",
          "resolved": "https://registry.npmjs.org/parse-json/-/parse-json-4.0.0.tgz",
          "integrity": "sha1-vjX1Qlvh9/bHRxhPmKeIy5lHfuA="
        },
        "pify": {
          "version": "3.0.0",
          "resolved": "https://registry.npmjs.org/pify/-/pify-3.0.0.tgz",
          "integrity": "sha1-5aSs0sEB/fPZpNB/DbxNtJ3SgXY="
        },
        "pkg-dir": {
          "version": "3.0.0",
          "resolved": "https://registry.npmjs.org/pkg-dir/-/pkg-dir-3.0.0.tgz",
          "integrity": "sha512-/E57AYkoeQ25qkxMj5PBOVgF8Kiu/h7cYS30Z5+R7WaiCCBfLq58ZI/dSeaEKb9WVJV5n/03QwrN3IeWIFllvw=="
        },
        "read-pkg": {
          "version": "4.0.1",
          "resolved": "https://registry.npmjs.org/read-pkg/-/read-pkg-4.0.1.tgz",
          "integrity": "sha1-ljYlN48+HE1IyFhytabsfV0JMjc="
        },
        "slash": {
          "version": "2.0.0",
          "resolved": "https://registry.npmjs.org/slash/-/slash-2.0.0.tgz",
          "integrity": "sha512-ZYKh3Wh2z1PpEXWr0MpSBZ0V6mZHAQfYevttO11c51CaWjGTaadiKZ+wVt1PbMlDV5qhMFslpZCemhwOK7C89A=="
        }
      }
    },
    "jest": {
      "version": "22.2.2",
      "resolved": "https://registry.npmjs.org/jest/-/jest-22.2.2.tgz",
      "integrity": "sha512-AoRws1ybI3yslXZDOwNWjsLZcjykcf1nloeeXl9/ou0AyzEAfR1Xz0CrsPhVVZrQGOGWi1KCVNt6GsghbzkqLw==",
      "dev": true,
      "dependencies": {
        "jest-cli": {
          "version": "22.2.2",
          "resolved": "https://registry.npmjs.org/jest-cli/-/jest-cli-22.2.2.tgz",
          "integrity": "sha512-d/6Sf/AMtaVzcckYkK3KKaSb9D91g4noJlfxxcjtMfHYiPHQy1VVo4mSl4FdenMcsUmrU2rBinTClIvkT21aVw=="
        }
      }
    },
    "lodash": {
      "version": "4.17.21",
      "resolved": "https://registry.npmjs.org/lodash/-/lodash-4.17.21.tgz",
      "integrity": "sha512-v2kDEe57lecTulaDIuNTPy3Ry4gLGJ6Z1O3vE1krgXZNrsQ+LFTGHVxVjcXPs17LhbZVGedAJv8XZ1tvj5FvSg==",
      "dev": true
    },
    "sinon": {
      "version": "4.3.0",
      "resolved": "https://registry.npmjs.org/sinon/-/sinon-4.3.0.tgz",
      "integrity": "sha512-pmf05hFgEZUS52AGJcsVjOjqAyJW2yo14cOwVYvzCyw7+inv06YXkLyW75WG6X6p951lzkoKh51L2sNbR9CDvw==",
      "dev": true,
      "dependencies": {
        "has-flag": {
          "version": "3.0.0",
          "resolved": "https://registry.npmjs.org/has-flag/-/has-flag-3.0.0.tgz",
          "integrity": "sha1-tdRU3CGZriJWmfNGfloH87lVuv0="
        },
        "supports-color": {
          "version": "5.2.0",
          "resolved": "https://registry.npmjs.org/supports-color/-/supports-color-5.2.0.tgz",
          "integrity": "sha512-F39vS48la4YvTZUPVeTqsjsFNrvcMwrV3RLZINsmHo+7djCvuUzSIeXOnZ5hmjef4bajL1dNccN+tg5XAliO5Q=="
        }
      }
    },
    "sinon-chai": {
      "version": "2.14.0",
      "resolved": "https://registry.npmjs.org/sinon-chai/-/sinon-chai-2.14.0.tgz",
      "integrity": "sha512-9stIF1utB0ywNHNT7RgiXbdmen8QDCRsrTjw+G9TgKt1Yexjiv8TOWZ6WHsTPz57Yky3DIswZvEqX8fpuHNDtQ==",
      "dev": true
    },
    "supertest": {
      "version": "3.1.0",
      "resolved": "https://registry.npmjs.org/supertest/-/supertest-3.1.0.tgz",
      "integrity": "sha512-O44AMnmJqx294uJQjfUmEyYOg7d9mylNFsMw/Wkz4evKd1njyPrtCN+U6ZIC7sKtfEVQhfTqFFijlXx8KP/Czw==",
      "dev": true
    }
  }
}
